{
  "nodes": {
    "flake-utils": {
      "locked": {
        "lastModified": 1667395993,
        "narHash": "sha256-nuEHfE/LcWyuSWnS8t12N1wc105Qtau+/OdUAjtQ0rA=",
        "owner": "numtide",
        "repo": "flake-utils",
        "rev": "5aed5285a952e0b949eb3ba02c12fa4fcfef535f",
        "type": "github"
      },
      "original": {
        "owner": "numtide",
        "repo": "flake-utils",
        "type": "github"
      }
    },
    "flake-utils_2": {
      "locked": {
        "lastModified": 1667395993,
        "narHash": "sha256-nuEHfE/LcWyuSWnS8t12N1wc105Qtau+/OdUAjtQ0rA=",
        "owner": "numtide",
        "repo": "flake-utils",
        "rev": "5aed5285a952e0b949eb3ba02c12fa4fcfef535f",
        "type": "github"
      },
      "original": {
        "owner": "numtide",
        "repo": "flake-utils",
        "type": "github"
      }
    },
    "nixpkgs": {
      "locked": {
        "lastModified": 1669230746,
        "narHash": "sha256-+rU3DixJnygpJsGhhp6OvViruJux4TaiCz4IO+DdtZU=",
        "owner": "NixOS",
        "repo": "nixpkgs",
        "rev": "42337aad353c5efff4382d7bf99deda491459845",
        "type": "github"
      },
      "original": {
        "id": "nixpkgs",
        "ref": "nixos-unstable",
        "type": "indirect"
      }
    },
    "nixpkgs_2": {
      "locked": {
        "lastModified": 1669226068,
        "narHash": "sha256-/eL0TjRajyQWddAQV2yBxhHjT3gJ8/zfNUNpbo8zXDQ=",
        "owner": "NixOS",
        "repo": "nixpkgs",
        "rev": "176d2084b5751560dfc32ec4a81858c9290d14c5",
        "type": "github"
      },
      "original": {
        "owner": "NixOS",
        "repo": "nixpkgs",
        "type": "github"
      }
    },
    "poetry2nix": {
      "inputs": {
        "flake-utils": "flake-utils_2",
        "nixpkgs": "nixpkgs_2"
      },
      "locked": {
        "lastModified": 1669070813,
        "narHash": "sha256-Z8FxcJfG7cIAIjMvGU0jr1K1oWCM/DDnlU7i8LsrkKY=",
        "owner": "nix-community",
        "repo": "poetry2nix",
        "rev": "686a2d4ee4f00244b80396d1948e3b38000df6e8",
        "type": "github"
      },
      "original": {
        "owner": "nix-community",
        "repo": "poetry2nix",
        "type": "github"
      }
    },
    "root": {
      "inputs": {
        "nixpkgs": "nixpkgs",
        "utils": "utils"
      }
    },
    "utils": {
      "inputs": {
        "flake-utils": "flake-utils",
        "nixpkgs": [
          "nixpkgs"
        ],
        "poetry2nix": "poetry2nix"
      },
      "locked": {
        "lastModified": 1669318670,
        "narHash": "sha256-sMp0/LOgUM7xXwTmyu3jndmGZp1qk5h9vlPjAZlfef8=",
        "owner": "vale981",
        "repo": "hiro-flake-utils",
        "rev": "864c80d4893807ec0027193dda9acc48c743a7e3",
        "type": "github"
      },
      "original": {
        "owner": "vale981",
        "repo": "hiro-flake-utils",
        "type": "github"
      }
    }
  },
  "root": "root",
  "version": 7
}
